{
    "version": 3,
    "terraform_version": "0.11.8",
    "serial": 25,
    "lineage": "b7093e5c-a41b-b00b-f869-4203b647c09d",
    "modules": [
        {
            "path": [
                "root"
            ],
            "outputs": {},
            "resources": {
                "aws_default_route_table.default": {
                    "type": "aws_default_route_table",
                    "depends_on": [
                        "aws_internet_gateway.igw",
                        "aws_vpc.vpc"
                    ],
                    "primary": {
                        "id": "rtb-046226a67468509c6",
                        "attributes": {
                            "default_route_table_id": "rtb-046226a67468509c6",
                            "id": "rtb-046226a67468509c6",
                            "propagating_vgws.#": "0",
                            "route.#": "1",
                            "route.4215482810.cidr_block": "0.0.0.0/0",
                            "route.4215482810.egress_only_gateway_id": "",
                            "route.4215482810.gateway_id": "igw-0dc8db770a17a8e5b",
                            "route.4215482810.instance_id": "",
                            "route.4215482810.ipv6_cidr_block": "",
                            "route.4215482810.nat_gateway_id": "",
                            "route.4215482810.network_interface_id": "",
                            "route.4215482810.transit_gateway_id": "",
                            "route.4215482810.vpc_peering_connection_id": "",
                            "tags.%": "0",
                            "vpc_id": "vpc-0d63c331b490712ee"
                        },
                        "meta": {},
                        "tainted": false
                    },
                    "deposed": [],
                    "provider": "provider.aws"
                },
                "aws_elb.gl-lb": {
                    "type": "aws_elb",
                    "depends_on": [
                        "aws_instance.win2016.*",
                        "aws_security_group.web-sec",
                        "aws_subnet.web_subnet-1",
                        "aws_subnet.web_subnet-2"
                    ],
                    "primary": {
                        "id": "gl-lb",
                        "attributes": {
                            "access_logs.#": "0",
                            "arn": "arn:aws:elasticloadbalancing:eu-west-2:575583461215:loadbalancer/gl-lb",
                            "availability_zones.#": "2",
                            "availability_zones.1501760113": "eu-west-2b",
                            "availability_zones.3230292939": "eu-west-2a",
                            "connection_draining": "true",
                            "connection_draining_timeout": "400",
                            "cross_zone_load_balancing": "true",
                            "dns_name": "gl-lb-1375692331.eu-west-2.elb.amazonaws.com",
                            "health_check.#": "1",
                            "health_check.0.healthy_threshold": "10",
                            "health_check.0.interval": "30",
                            "health_check.0.target": "TCP:8080",
                            "health_check.0.timeout": "5",
                            "health_check.0.unhealthy_threshold": "2",
                            "id": "gl-lb",
                            "idle_timeout": "400",
                            "instances.#": "0",
                            "internal": "false",
                            "listener.#": "1",
                            "listener.3931999347.instance_port": "8080",
                            "listener.3931999347.instance_protocol": "http",
                            "listener.3931999347.lb_port": "80",
                            "listener.3931999347.lb_protocol": "http",
                            "listener.3931999347.ssl_certificate_id": "",
                            "name": "gl-lb",
                            "security_groups.#": "1",
                            "security_groups.1951173122": "sg-0c23c370d7ee91e1c",
                            "source_security_group": "575583461215/open 8080 and 3389 port",
                            "source_security_group_id": "sg-0c23c370d7ee91e1c",
                            "subnets.#": "2",
                            "subnets.3096425505": "subnet-0ec71c4962f7bf666",
                            "subnets.725377523": "subnet-03d9ce175bf71f9b7",
                            "tags.%": "0",
                            "zone_id": "ZHURV8PSTC4K8"
                        },
                        "meta": {},
                        "tainted": false
                    },
                    "deposed": [],
                    "provider": "provider.aws"
                },
                "aws_iam_instance_profile.s3fromec2_profile": {
                    "type": "aws_iam_instance_profile",
                    "depends_on": [],
                    "primary": {
                        "id": "s3fromec2_profile",
                        "attributes": {
                            "arn": "arn:aws:iam::575583461215:instance-profile/s3fromec2_profile",
                            "create_date": "2018-11-30T07:29:05Z",
                            "id": "s3fromec2_profile",
                            "name": "s3fromec2_profile",
                            "path": "/",
                            "role": "s3fromec2_role",
                            "roles.#": "1",
                            "roles.3060672001": "s3fromec2_role",
                            "unique_id": "AIPAJZIB5RTZQDNM754CM"
                        },
                        "meta": {},
                        "tainted": false
                    },
                    "deposed": [],
                    "provider": "provider.aws"
                },
                "aws_iam_role.s3fromec2_role": {
                    "type": "aws_iam_role",
                    "depends_on": [],
                    "primary": {
                        "id": "s3fromec2_role",
                        "attributes": {
                            "arn": "arn:aws:iam::575583461215:role/s3fromec2_role",
                            "assume_role_policy": "{\"Version\":\"2012-10-17\",\"Statement\":[{\"Sid\":\"\",\"Effect\":\"Allow\",\"Principal\":{\"Service\":\"ec2.amazonaws.com\"},\"Action\":\"sts:AssumeRole\"}]}",
                            "create_date": "2018-11-30T06:57:55Z",
                            "description": "",
                            "force_detach_policies": "false",
                            "id": "s3fromec2_role",
                            "max_session_duration": "3600",
                            "name": "s3fromec2_role",
                            "path": "/",
                            "tags.%": "0",
                            "unique_id": "AROAIU726MAYCYNHIO5S2"
                        },
                        "meta": {},
                        "tainted": false
                    },
                    "deposed": [],
                    "provider": "provider.aws"
                },
                "aws_iam_role_policy.s3fromec2_role_policy": {
                    "type": "aws_iam_role_policy",
                    "depends_on": [
                        "aws_iam_role.s3fromec2_role"
                    ],
                    "primary": {
                        "id": "s3fromec2_role:s3fromec2_role_policy",
                        "attributes": {
                            "id": "s3fromec2_role:s3fromec2_role_policy",
                            "name": "s3fromec2_role_policy",
                            "policy": "{\n  \"Version\": \"2012-10-17\",\n  \"Statement\": [\n    {\n      \"Effect\": \"Allow\",\n      \"Action\": [\"s3:ListBucket\"],\n      \"Resource\": [\"arn:aws:s3:::gl-test-sinelnikov1\"]\n    },\n    {\n      \"Effect\": \"Allow\",\n      \"Action\": [\n        \"s3:GetObject\"\n      ],\n      \"Resource\": [\"arn:aws:s3:::gl-test-sinelnikov1/*\"]\n    }\n  ]\n}\n",
                            "role": "s3fromec2_role"
                        },
                        "meta": {},
                        "tainted": false
                    },
                    "deposed": [],
                    "provider": "provider.aws"
                },
                "aws_internet_gateway.igw": {
                    "type": "aws_internet_gateway",
                    "depends_on": [
                        "aws_vpc.vpc"
                    ],
                    "primary": {
                        "id": "igw-0dc8db770a17a8e5b",
                        "attributes": {
                            "id": "igw-0dc8db770a17a8e5b",
                            "tags.%": "0",
                            "vpc_id": "vpc-0d63c331b490712ee"
                        },
                        "meta": {},
                        "tainted": false
                    },
                    "deposed": [],
                    "provider": "provider.aws"
                },
                "aws_s3_bucket.apps_bucket": {
                    "type": "aws_s3_bucket",
                    "depends_on": [],
                    "primary": {
                        "id": "gl-test-sinelnikov1",
                        "attributes": {
                            "acceleration_status": "",
                            "acl": "private",
                            "arn": "arn:aws:s3:::gl-test-sinelnikov1",
                            "bucket": "gl-test-sinelnikov1",
                            "bucket_domain_name": "gl-test-sinelnikov1.s3.amazonaws.com",
                            "bucket_regional_domain_name": "gl-test-sinelnikov1.s3.eu-west-2.amazonaws.com",
                            "cors_rule.#": "0",
                            "force_destroy": "false",
                            "hosted_zone_id": "Z3GKZC51ZF0DB4",
                            "id": "gl-test-sinelnikov1",
                            "lifecycle_rule.#": "0",
                            "logging.#": "0",
                            "region": "eu-west-2",
                            "replication_configuration.#": "0",
                            "request_payer": "BucketOwner",
                            "server_side_encryption_configuration.#": "0",
                            "tags.%": "0",
                            "versioning.#": "1",
                            "versioning.0.enabled": "true",
                            "versioning.0.mfa_delete": "false",
                            "website.#": "0"
                        },
                        "meta": {},
                        "tainted": false
                    },
                    "deposed": [],
                    "provider": "provider.aws"
                },
                "aws_s3_bucket_object.bucket": {
                    "type": "aws_s3_bucket_object",
                    "depends_on": [
                        "aws_s3_bucket.apps_bucket"
                    ],
                    "primary": {
                        "id": "index.html",
                        "attributes": {
                            "acl": "private",
                            "bucket": "gl-test-sinelnikov1",
                            "cache_control": "",
                            "content_disposition": "",
                            "content_encoding": "",
                            "content_language": "",
                            "content_type": "binary/octet-stream",
                            "etag": "65fe757bbc7fb2b909de5205618584c3",
                            "id": "index.html",
                            "key": "index.html",
                            "server_side_encryption": "",
                            "source": "../index.html",
                            "storage_class": "STANDARD",
                            "tags.%": "0",
                            "version_id": "7qjaSAY8ZS29Z7id7odH1o3FF0KiziZf",
                            "website_redirect": ""
                        },
                        "meta": {},
                        "tainted": false
                    },
                    "deposed": [],
                    "provider": "provider.aws"
                },
                "aws_security_group.web-sec": {
                    "type": "aws_security_group",
                    "depends_on": [
                        "aws_vpc.vpc"
                    ],
                    "primary": {
                        "id": "sg-0c23c370d7ee91e1c",
                        "attributes": {
                            "arn": "arn:aws:ec2:eu-west-2:575583461215:security-group/sg-0c23c370d7ee91e1c",
                            "description": "Managed by Terraform",
                            "egress.#": "1",
                            "egress.482069346.cidr_blocks.#": "1",
                            "egress.482069346.cidr_blocks.0": "0.0.0.0/0",
                            "egress.482069346.description": "",
                            "egress.482069346.from_port": "0",
                            "egress.482069346.ipv6_cidr_blocks.#": "0",
                            "egress.482069346.prefix_list_ids.#": "0",
                            "egress.482069346.protocol": "-1",
                            "egress.482069346.security_groups.#": "0",
                            "egress.482069346.self": "false",
                            "egress.482069346.to_port": "0",
                            "id": "sg-0c23c370d7ee91e1c",
                            "ingress.#": "2",
                            "ingress.2223400681.cidr_blocks.#": "1",
                            "ingress.2223400681.cidr_blocks.0": "0.0.0.0/0",
                            "ingress.2223400681.description": "",
                            "ingress.2223400681.from_port": "3389",
                            "ingress.2223400681.ipv6_cidr_blocks.#": "0",
                            "ingress.2223400681.prefix_list_ids.#": "0",
                            "ingress.2223400681.protocol": "tcp",
                            "ingress.2223400681.security_groups.#": "0",
                            "ingress.2223400681.self": "false",
                            "ingress.2223400681.to_port": "3389",
                            "ingress.516175195.cidr_blocks.#": "1",
                            "ingress.516175195.cidr_blocks.0": "0.0.0.0/0",
                            "ingress.516175195.description": "",
                            "ingress.516175195.from_port": "8080",
                            "ingress.516175195.ipv6_cidr_blocks.#": "0",
                            "ingress.516175195.prefix_list_ids.#": "0",
                            "ingress.516175195.protocol": "tcp",
                            "ingress.516175195.security_groups.#": "0",
                            "ingress.516175195.self": "false",
                            "ingress.516175195.to_port": "8080",
                            "name": "open 8080 and 3389 port",
                            "owner_id": "575583461215",
                            "revoke_rules_on_delete": "false",
                            "tags.%": "0",
                            "vpc_id": "vpc-0d63c331b490712ee"
                        },
                        "meta": {
                            "e2bfb730-ecaa-11e6-8f88-34363bc7c4c0": {
                                "create": 600000000000,
                                "delete": 600000000000
                            },
                            "schema_version": "1"
                        },
                        "tainted": false
                    },
                    "deposed": [],
                    "provider": "provider.aws"
                },
                "aws_subnet.web_subnet.0": {
                    "type": "aws_subnet",
                    "depends_on": [
                        "aws_vpc.vpc",
                        "data.aws_availability_zones.available",
                        "data.aws_vpc.vpc"
                    ],
                    "primary": {
                        "id": "subnet-0ed9f5d9cb37299dd",
                        "attributes": {
                            "arn": "arn:aws:ec2:eu-west-2:575583461215:subnet/subnet-0ed9f5d9cb37299dd",
                            "assign_ipv6_address_on_creation": "false",
                            "availability_zone": "eu-west-2a",
                            "cidr_block": "192.168.0.0/24",
                            "id": "subnet-0ed9f5d9cb37299dd",
                            "ipv6_cidr_block": "",
                            "ipv6_cidr_block_association_id": "",
                            "map_public_ip_on_launch": "false",
                            "tags.%": "0",
                            "vpc_id": "vpc-0d63c331b490712ee"
                        },
                        "meta": {
                            "e2bfb730-ecaa-11e6-8f88-34363bc7c4c0": {
                                "create": 600000000000,
                                "delete": 600000000000
                            },
                            "schema_version": "1"
                        },
                        "tainted": false
                    },
                    "deposed": [],
                    "provider": "provider.aws"
                },
                "aws_subnet.web_subnet.1": {
                    "type": "aws_subnet",
                    "depends_on": [
                        "aws_vpc.vpc",
                        "data.aws_availability_zones.available",
                        "data.aws_vpc.vpc"
                    ],
                    "primary": {
                        "id": "subnet-04376e9c76eca928c",
                        "attributes": {
                            "arn": "arn:aws:ec2:eu-west-2:575583461215:subnet/subnet-04376e9c76eca928c",
                            "assign_ipv6_address_on_creation": "false",
                            "availability_zone": "eu-west-2b",
                            "cidr_block": "192.168.1.0/24",
                            "id": "subnet-04376e9c76eca928c",
                            "ipv6_cidr_block": "",
                            "ipv6_cidr_block_association_id": "",
                            "map_public_ip_on_launch": "false",
                            "tags.%": "0",
                            "vpc_id": "vpc-0d63c331b490712ee"
                        },
                        "meta": {
                            "e2bfb730-ecaa-11e6-8f88-34363bc7c4c0": {
                                "create": 600000000000,
                                "delete": 600000000000
                            },
                            "schema_version": "1"
                        },
                        "tainted": false
                    },
                    "deposed": [],
                    "provider": "provider.aws"
                },
                "aws_vpc.vpc": {
                    "type": "aws_vpc",
                    "depends_on": [],
                    "primary": {
                        "id": "vpc-0d63c331b490712ee",
                        "attributes": {
                            "arn": "arn:aws:ec2:eu-west-2:575583461215:vpc/vpc-0d63c331b490712ee",
                            "assign_generated_ipv6_cidr_block": "false",
                            "cidr_block": "192.168.0.0/16",
                            "default_network_acl_id": "acl-04355e0d4e9c73eab",
                            "default_route_table_id": "rtb-046226a67468509c6",
                            "default_security_group_id": "sg-0f8fcb8af1c5eb868",
                            "dhcp_options_id": "dopt-c2b0dfaa",
                            "enable_dns_hostnames": "false",
                            "enable_dns_support": "true",
                            "id": "vpc-0d63c331b490712ee",
                            "instance_tenancy": "default",
                            "ipv6_association_id": "",
                            "ipv6_cidr_block": "",
                            "main_route_table_id": "rtb-046226a67468509c6",
                            "tags.%": "0"
                        },
                        "meta": {
                            "schema_version": "1"
                        },
                        "tainted": false
                    },
                    "deposed": [],
                    "provider": "provider.aws"
                },
                "data.aws_availability_zones.available": {
                    "type": "aws_availability_zones",
                    "depends_on": [],
                    "primary": {
                        "id": "2018-11-30 16:31:12.747079 +0000 UTC",
                        "attributes": {
                            "id": "2018-11-30 16:31:12.747079 +0000 UTC",
                            "names.#": "3",
                            "names.0": "eu-west-2a",
                            "names.1": "eu-west-2b",
                            "names.2": "eu-west-2c"
                        },
                        "meta": {},
                        "tainted": false
                    },
                    "deposed": [],
                    "provider": "provider.aws"
                },
                "data.aws_vpc.vpc": {
                    "type": "aws_vpc",
                    "depends_on": [
                        "aws_vpc.vpc"
                    ],
                    "primary": {
                        "id": "vpc-0d63c331b490712ee",
                        "attributes": {
                            "arn": "arn:aws:ec2:eu-west-2:575583461215:vpc/vpc-0d63c331b490712ee",
                            "cidr_block": "192.168.0.0/16",
                            "cidr_block_associations.#": "1",
                            "cidr_block_associations.0.association_id": "vpc-cidr-assoc-0401451a892c7882e",
                            "cidr_block_associations.0.cidr_block": "192.168.0.0/16",
                            "cidr_block_associations.0.state": "associated",
                            "default": "false",
                            "dhcp_options_id": "dopt-c2b0dfaa",
                            "enable_dns_hostnames": "false",
                            "enable_dns_support": "true",
                            "id": "vpc-0d63c331b490712ee",
                            "instance_tenancy": "default",
                            "main_route_table_id": "rtb-046226a67468509c6",
                            "state": "available",
                            "tags.%": "0"
                        },
                        "meta": {},
                        "tainted": false
                    },
                    "deposed": [],
                    "provider": "provider.aws"
                }
            },
            "depends_on": []
        }
    ]
}
